
Microsoft Visual Studio Solution File, Format Version 12.00
# Visual Studio 15
VisualStudioVersion = 15.0.28307.168
MinimumVisualStudioVersion = 10.0.40219.1
Project("{FAE04EC0-301F-11D3-BF4B-00C04F79EFBC}") = "CppUnitTestFrameworkTestAdapter", "CppUnitTestFrameworkTestAdapter\CppUnitTestFrameworkTestAdapter.csproj", "{64F0D576-B94D-4B63-B8C9-54E7C4CC460F}"
EndProject
Global
	GlobalSection(SolutionConfigurationPlatforms) = preSolution
		Debug|Any CPU = Debug|Any CPU
		Release|Any CPU = Release|Any CPU
	EndGlobalSection
	GlobalSection(ProjectConfigurationPlatforms) = postSolution
		{64F0D576-B94D-4B63-B8C9-54E7C4CC460F}.Debug|Any CPU.ActiveCfg = Debug|Any CPU
		{64F0D576-B94D-4B63-B8C9-54E7C4CC460F}.Debug|Any CPU.Build.0 = Debug|Any CPU
		{64F0D576-B94D-4B63-B8C9-54E7C4CC460F}.Release|Any CPU.ActiveCfg = Release|Any CPU
		{64F0D576-B94D-4B63-B8C9-54E7C4CC460F}.Release|Any CPU.Build.0 = Release|Any CPU
	EndGlobalSection
	GlobalSection(SolutionProperties) = preSolution
		HideSolutionNode = FALSE
	EndGlobalSection
	GlobalSection(ExtensibilityGlobals) = postSolution
		SolutionGuid = {0F32075C-652E-4657-B3C6-56EE836AFB34}
	EndGlobalSection
EndGlobal
